
Microsoft Visual Studio Solution File, Format Version 12.00
# Visual Studio Version 17
VisualStudioVersion = 17.9.34728.123
MinimumVisualStudioVersion = 10.0.40219.1
Project("{FAE04EC0-301F-11D3-BF4B-00C04F79EFBC}") = "SmallGeometry", "SmallGeometry\SmallGeometry.csproj", "{B9DF9252-E482-4F55-926B-6BFCC3488BAD}"
EndProject
Project("{FAE04EC0-301F-11D3-BF4B-00C04F79EFBC}") = "SmallGeometryTester", "SmallGeometryTester\SmallGeometryTester.csproj", "{85B1C554-926A-48C1-A880-5C9F6DF6153E}"
EndProject
Global
	GlobalSection(SolutionConfigurationPlatforms) = preSolution
		Debug|Any CPU = Debug|Any CPU
		Release|Any CPU = Release|Any CPU
	EndGlobalSection
	GlobalSection(ProjectConfigurationPlatforms) = postSolution
		{B9DF9252-E482-4F55-926B-6BFCC3488BAD}.Debug|Any CPU.ActiveCfg = Debug|Any CPU
		{B9DF9252-E482-4F55-926B-6BFCC3488BAD}.Debug|Any CPU.Build.0 = Debug|Any CPU
		{B9DF9252-E482-4F55-926B-6BFCC3488BAD}.Release|Any CPU.ActiveCfg = Release|Any CPU
		{B9DF9252-E482-4F55-926B-6BFCC3488BAD}.Release|Any CPU.Build.0 = Release|Any CPU
		{85B1C554-926A-48C1-A880-5C9F6DF6153E}.Debug|Any CPU.ActiveCfg = Debug|Any CPU
		{85B1C554-926A-48C1-A880-5C9F6DF6153E}.Debug|Any CPU.Build.0 = Debug|Any CPU
		{85B1C554-926A-48C1-A880-5C9F6DF6153E}.Release|Any CPU.ActiveCfg = Release|Any CPU
		{85B1C554-926A-48C1-A880-5C9F6DF6153E}.Release|Any CPU.Build.0 = Release|Any CPU
	EndGlobalSection
	GlobalSection(SolutionProperties) = preSolution
		HideSolutionNode = FALSE
	EndGlobalSection
	GlobalSection(ExtensibilityGlobals) = postSolution
		SolutionGuid = {812E6CB4-7B49-4180-AEFF-47EA50AEAC94}
	EndGlobalSection
EndGlobal
